
Microsoft Visual Studio Solution File, Format Version 12.00
# Visual Studio 14
VisualStudioVersion = 14.0.24720.0
MinimumVisualStudioVersion = 10.0.40219.1
Project("{FAE04EC0-301F-11D3-BF4B-00C04F79EFBC}") = "Muzzle", "Muzzle\Muzzle.csproj", "{E6540A68-2E09-42B9-B39A-D0A2B292014E}"
EndProject
Project("{FAE04EC0-301F-11D3-BF4B-00C04F79EFBC}") = "Test", "Test\Test.csproj", "{9BBDACAD-EC7E-4B52-BE98-E524D0ECE73D}"
EndProject
Project("{2150E333-8FDC-42A3-9474-1A3956D46DE8}") = "Solution Items", "Solution Items", "{144D707A-CF9D-4519-836E-FF341645D1AF}"
	ProjectSection(SolutionItems) = preProject
		..\README.md = ..\README.md
	EndProjectSection
EndProject
Global
	GlobalSection(SolutionConfigurationPlatforms) = preSolution
		Debug|Any CPU = Debug|Any CPU
		Release|Any CPU = Release|Any CPU
	EndGlobalSection
	GlobalSection(ProjectConfigurationPlatforms) = postSolution
		{E6540A68-2E09-42B9-B39A-D0A2B292014E}.Debug|Any CPU.ActiveCfg = Debug|Any CPU
		{E6540A68-2E09-42B9-B39A-D0A2B292014E}.Debug|Any CPU.Build.0 = Debug|Any CPU
		{E6540A68-2E09-42B9-B39A-D0A2B292014E}.Release|Any CPU.ActiveCfg = Release|Any CPU
		{E6540A68-2E09-42B9-B39A-D0A2B292014E}.Release|Any CPU.Build.0 = Release|Any CPU
		{9BBDACAD-EC7E-4B52-BE98-E524D0ECE73D}.Debug|Any CPU.ActiveCfg = Debug|Any CPU
		{9BBDACAD-EC7E-4B52-BE98-E524D0ECE73D}.Debug|Any CPU.Build.0 = Debug|Any CPU
		{9BBDACAD-EC7E-4B52-BE98-E524D0ECE73D}.Release|Any CPU.ActiveCfg = Release|Any CPU
		{9BBDACAD-EC7E-4B52-BE98-E524D0ECE73D}.Release|Any CPU.Build.0 = Release|Any CPU
	EndGlobalSection
	GlobalSection(SolutionProperties) = preSolution
		HideSolutionNode = FALSE
	EndGlobalSection
EndGlobal
